
Microsoft Visual Studio Solution File, Format Version 11.00
# Visual Studio 2010
Project("{2150E333-8FDC-42A3-9474-1A3956D46DE8}") = "Solution Items", "Solution Items", "{275E98ED-5A80-43CC-8F28-F6A390F075AC}"
	ProjectSection(SolutionItems) = preProject
		LocalTestRun.testrunconfig = LocalTestRun.testrunconfig
		Munq.IocContainer.vsmdi = Munq.IocContainer.vsmdi
	EndProjectSection
EndProject
Project("{2150E333-8FDC-42A3-9474-1A3956D46DE8}") = "lib", "lib", "{FD5D2B0E-6E71-4357-87AB-D3CBABF2FE6F}"
	ProjectSection(SolutionItems) = preProject
		..\lib\Munq.FluentTest.dll = ..\lib\Munq.FluentTest.dll
		..\lib\MvcFakes.dll = ..\lib\MvcFakes.dll
	EndProjectSection
EndProject
Project("{FAE04EC0-301F-11D3-BF4B-00C04F79EFBC}") = "Munq.IocContainer.UnitTests", "Munq.IocContainer.UnitTests\Munq.IocContainer.UnitTests.csproj", "{17AF53D1-D6C9-453B-ABD5-27DF99830014}"
EndProject
Project("{FAE04EC0-301F-11D3-BF4B-00C04F79EFBC}") = "Munq.Interfaces", "Munq.Interfaces\Munq.Interfaces.csproj", "{10E86993-F4FD-4650-BB3C-4B26FDD53C5D}"
EndProject
Project("{FAE04EC0-301F-11D3-BF4B-00C04F79EFBC}") = "Munq.IocContainer", "Munq.IocContainer\Munq.IocContainer.csproj", "{3A5BC8F1-5817-4B0E-A82B-D92FFC5BE440}"
EndProject
Project("{FAE04EC0-301F-11D3-BF4B-00C04F79EFBC}") = "Munq.Samples", "Munq.Samples\Munq.Samples.csproj", "{49BBD670-6686-40DC-B408-4F01B3CB224C}"
EndProject
Project("{FAE04EC0-301F-11D3-BF4B-00C04F79EFBC}") = "Performance", "Performance\Source\Performance.csproj", "{F4F213FC-29C7-4D5F-80D1-422F2567EFDA}"
EndProject
Project("{FAE04EC0-301F-11D3-BF4B-00C04F79EFBC}") = "Munq.Mvc3Samples", "Munq,Mvc3Samples\Munq.Mvc3Samples.csproj", "{FDBEDC58-CE34-414C-B391-B08D61242A6C}"
EndProject
Project("{FAE04EC0-301F-11D3-BF4B-00C04F79EFBC}") = "Munq.MVC2", "Munq.MVC2\Munq.MVC2.csproj", "{9AADBF05-4C24-434E-A52E-37B29CC98C00}"
EndProject
Global
	GlobalSection(TeamFoundationVersionControl) = preSolution
		SccNumberOfProjects = 8
		SccEnterpriseProvider = {4CA58AB2-18FA-4F8D-95D4-32DDF27D184C}
		SccTeamFoundationServer = https://tfs.codeplex.com/tfs/tfs10
		SccLocalPath0 = .
		SccProjectUniqueName1 = Munq.Interfaces\\Munq.Interfaces.csproj
		SccProjectName1 = Munq.Interfaces
		SccLocalPath1 = Munq.Interfaces
		SccProjectUniqueName2 = Munq.IocContainer.UnitTests\\Munq.IocContainer.UnitTests.csproj
		SccProjectName2 = Munq.IocContainer.UnitTests
		SccLocalPath2 = Munq.IocContainer.UnitTests
		SccProjectUniqueName3 = Munq.IocContainer\\Munq.IocContainer.csproj
		SccProjectName3 = Munq.IocContainer
		SccLocalPath3 = Munq.IocContainer
		SccProjectUniqueName4 = Munq.Samples\\Munq.Samples.csproj
		SccProjectName4 = Munq.Samples
		SccLocalPath4 = Munq.Samples
		SccProjectUniqueName5 = Performance\\Source\\Performance.csproj
		SccProjectName5 = Performance/Source
		SccLocalPath5 = Performance\\Source
		SccProjectUniqueName6 = Munq,Mvc3Samples\\Munq.Mvc3Samples.csproj
		SccProjectName6 = Munq,Mvc3Samples
		SccLocalPath6 = Munq,Mvc3Samples
		SccProjectUniqueName7 = Munq.MVC2\\Munq.MVC2.csproj
		SccProjectName7 = Munq.MVC2
		SccLocalPath7 = Munq.MVC2
	EndGlobalSection
	GlobalSection(TestCaseManagementSettings) = postSolution
		CategoryFile = Munq.IocContainer.vsmdi
	EndGlobalSection
	GlobalSection(SolutionConfigurationPlatforms) = preSolution
		Debug|Any CPU = Debug|Any CPU
		Release|Any CPU = Release|Any CPU
	EndGlobalSection
	GlobalSection(ProjectConfigurationPlatforms) = postSolution
		{17AF53D1-D6C9-453B-ABD5-27DF99830014}.Debug|Any CPU.ActiveCfg = Debug|Any CPU
		{17AF53D1-D6C9-453B-ABD5-27DF99830014}.Debug|Any CPU.Build.0 = Debug|Any CPU
		{17AF53D1-D6C9-453B-ABD5-27DF99830014}.Release|Any CPU.ActiveCfg = Release|Any CPU
		{17AF53D1-D6C9-453B-ABD5-27DF99830014}.Release|Any CPU.Build.0 = Release|Any CPU
		{10E86993-F4FD-4650-BB3C-4B26FDD53C5D}.Debug|Any CPU.ActiveCfg = Debug|Any CPU
		{10E86993-F4FD-4650-BB3C-4B26FDD53C5D}.Debug|Any CPU.Build.0 = Debug|Any CPU
		{10E86993-F4FD-4650-BB3C-4B26FDD53C5D}.Release|Any CPU.ActiveCfg = Release|Any CPU
		{10E86993-F4FD-4650-BB3C-4B26FDD53C5D}.Release|Any CPU.Build.0 = Release|Any CPU
		{3A5BC8F1-5817-4B0E-A82B-D92FFC5BE440}.Debug|Any CPU.ActiveCfg = Debug|Any CPU
		{3A5BC8F1-5817-4B0E-A82B-D92FFC5BE440}.Debug|Any CPU.Build.0 = Debug|Any CPU
		{3A5BC8F1-5817-4B0E-A82B-D92FFC5BE440}.Release|Any CPU.ActiveCfg = Release|Any CPU
		{3A5BC8F1-5817-4B0E-A82B-D92FFC5BE440}.Release|Any CPU.Build.0 = Release|Any CPU
		{49BBD670-6686-40DC-B408-4F01B3CB224C}.Debug|Any CPU.ActiveCfg = Debug|Any CPU
		{49BBD670-6686-40DC-B408-4F01B3CB224C}.Debug|Any CPU.Build.0 = Debug|Any CPU
		{49BBD670-6686-40DC-B408-4F01B3CB224C}.Release|Any CPU.ActiveCfg = Release|Any CPU
		{49BBD670-6686-40DC-B408-4F01B3CB224C}.Release|Any CPU.Build.0 = Release|Any CPU
		{F4F213FC-29C7-4D5F-80D1-422F2567EFDA}.Debug|Any CPU.ActiveCfg = Debug|Any CPU
		{F4F213FC-29C7-4D5F-80D1-422F2567EFDA}.Debug|Any CPU.Build.0 = Debug|Any CPU
		{F4F213FC-29C7-4D5F-80D1-422F2567EFDA}.Release|Any CPU.ActiveCfg = Release|Any CPU
		{F4F213FC-29C7-4D5F-80D1-422F2567EFDA}.Release|Any CPU.Build.0 = Release|Any CPU
		{FDBEDC58-CE34-414C-B391-B08D61242A6C}.Debug|Any CPU.ActiveCfg = Debug|Any CPU
		{FDBEDC58-CE34-414C-B391-B08D61242A6C}.Debug|Any CPU.Build.0 = Debug|Any CPU
		{FDBEDC58-CE34-414C-B391-B08D61242A6C}.Release|Any CPU.ActiveCfg = Release|Any CPU
		{FDBEDC58-CE34-414C-B391-B08D61242A6C}.Release|Any CPU.Build.0 = Release|Any CPU
		{9AADBF05-4C24-434E-A52E-37B29CC98C00}.Debug|Any CPU.ActiveCfg = Debug|Any CPU
		{9AADBF05-4C24-434E-A52E-37B29CC98C00}.Debug|Any CPU.Build.0 = Debug|Any CPU
		{9AADBF05-4C24-434E-A52E-37B29CC98C00}.Release|Any CPU.ActiveCfg = Release|Any CPU
		{9AADBF05-4C24-434E-A52E-37B29CC98C00}.Release|Any CPU.Build.0 = Release|Any CPU
	EndGlobalSection
	GlobalSection(SolutionProperties) = preSolution
		HideSolutionNode = FALSE
	EndGlobalSection
	GlobalSection(SpecExplorer.ActivityCompletionStatus) = preSolution
		SpecExplorer.ActivityCompletionStatus = 
	EndGlobalSection
EndGlobal
