
Microsoft Visual Studio Solution File, Format Version 11.00
# Visual Studio 2010
Project("{2150E333-8FDC-42A3-9474-1A3956D46DE8}") = "Solution Items", "Solution Items", "{EF69FA60-5683-4A79-B006-6174A7DA1917}"
	ProjectSection(SolutionItems) = preProject
		..\IocContainer.shfbproj = ..\IocContainer.shfbproj
	EndProjectSection
EndProject
Project("{FAE04EC0-301F-11D3-BF4B-00C04F79EFBC}") = "Munq.CommonServiceLocator", "Munq.CommonServiceLocator\Munq.CommonServiceLocator.csproj", "{67057544-2727-4C7B-904D-77ACEBEBB1C4}"
EndProject
Project("{FAE04EC0-301F-11D3-BF4B-00C04F79EFBC}") = "Munq.IocContainer", "Munq.IocContainer\Munq.IocContainer.csproj", "{D56372A7-D8BB-4FBA-B644-46FE60510439}"
EndProject
Project("{FAE04EC0-301F-11D3-BF4B-00C04F79EFBC}") = "Munq.MVC2", "Munq.MVC2\Munq.MVC2.csproj", "{9AADBF05-4C24-434E-A52E-37B29CC98C00}"
EndProject
Project("{FAE04EC0-301F-11D3-BF4B-00C04F79EFBC}") = "Munq.MVC3", "Munq.MVC3\Munq.MVC3.csproj", "{50151038-B122-4529-876B-BC21B24DC8A2}"
EndProject
Project("{FAE04EC0-301F-11D3-BF4B-00C04F79EFBC}") = "Munq.IocContainer.UnitTests", "Munq.IocContainer.UnitTests\Munq.IocContainer.UnitTests.csproj", "{17AF53D1-D6C9-453B-ABD5-27DF99830014}"
EndProject
Global
	GlobalSection(SolutionConfigurationPlatforms) = preSolution
		Debug|Any CPU = Debug|Any CPU
		Release|Any CPU = Release|Any CPU
	EndGlobalSection
	GlobalSection(ProjectConfigurationPlatforms) = postSolution
		{67057544-2727-4C7B-904D-77ACEBEBB1C4}.Debug|Any CPU.ActiveCfg = Debug|Any CPU
		{67057544-2727-4C7B-904D-77ACEBEBB1C4}.Debug|Any CPU.Build.0 = Debug|Any CPU
		{67057544-2727-4C7B-904D-77ACEBEBB1C4}.Release|Any CPU.ActiveCfg = Release|Any CPU
		{67057544-2727-4C7B-904D-77ACEBEBB1C4}.Release|Any CPU.Build.0 = Release|Any CPU
		{D56372A7-D8BB-4FBA-B644-46FE60510439}.Debug|Any CPU.ActiveCfg = Debug|Any CPU
		{D56372A7-D8BB-4FBA-B644-46FE60510439}.Debug|Any CPU.Build.0 = Debug|Any CPU
		{D56372A7-D8BB-4FBA-B644-46FE60510439}.Release|Any CPU.ActiveCfg = Release|Any CPU
		{D56372A7-D8BB-4FBA-B644-46FE60510439}.Release|Any CPU.Build.0 = Release|Any CPU
		{9AADBF05-4C24-434E-A52E-37B29CC98C00}.Debug|Any CPU.ActiveCfg = Debug|Any CPU
		{9AADBF05-4C24-434E-A52E-37B29CC98C00}.Debug|Any CPU.Build.0 = Debug|Any CPU
		{9AADBF05-4C24-434E-A52E-37B29CC98C00}.Release|Any CPU.ActiveCfg = Release|Any CPU
		{9AADBF05-4C24-434E-A52E-37B29CC98C00}.Release|Any CPU.Build.0 = Release|Any CPU
		{50151038-B122-4529-876B-BC21B24DC8A2}.Debug|Any CPU.ActiveCfg = Debug|Any CPU
		{50151038-B122-4529-876B-BC21B24DC8A2}.Debug|Any CPU.Build.0 = Debug|Any CPU
		{50151038-B122-4529-876B-BC21B24DC8A2}.Release|Any CPU.ActiveCfg = Release|Any CPU
		{50151038-B122-4529-876B-BC21B24DC8A2}.Release|Any CPU.Build.0 = Release|Any CPU
		{17AF53D1-D6C9-453B-ABD5-27DF99830014}.Debug|Any CPU.ActiveCfg = Debug|Any CPU
		{17AF53D1-D6C9-453B-ABD5-27DF99830014}.Debug|Any CPU.Build.0 = Debug|Any CPU
		{17AF53D1-D6C9-453B-ABD5-27DF99830014}.Release|Any CPU.ActiveCfg = Release|Any CPU
		{17AF53D1-D6C9-453B-ABD5-27DF99830014}.Release|Any CPU.Build.0 = Release|Any CPU
	EndGlobalSection
	GlobalSection(SolutionProperties) = preSolution
		HideSolutionNode = FALSE
	EndGlobalSection
EndGlobal
