
Microsoft Visual Studio Solution File, Format Version 10.00
# Visual Studio 2008
Project("{FAE04EC0-301F-11D3-BF4B-00C04F79EFBC}") = "Munq.DI", "Munq.DI\Munq.DI.csproj", "{1237629E-7E4B-4074-AD34-F255F9F6D185}"
EndProject
Project("{FAE04EC0-301F-11D3-BF4B-00C04F79EFBC}") = "Munq.DI.Tests", "Munq.DI.Tests\Munq.DI.Tests.csproj", "{73064596-97CA-4F52-885E-996C9E7DAAFC}"
EndProject
Project("{2150E333-8FDC-42A3-9474-1A3956D46DE8}") = "Solution Items", "Solution Items", "{844EF564-6A8E-4093-82B2-E188A3215141}"
	ProjectSection(SolutionItems) = preProject
		munq.vsmdi = munq.vsmdi
	EndProjectSection
EndProject
Project("{FAE04EC0-301F-11D3-BF4B-00C04F79EFBC}") = "MvcFakes", "MvcFakes\MvcFakes.csproj", "{558790E7-0F46-489F-B717-52AE3746D39B}"
EndProject
Project("{FAE04EC0-301F-11D3-BF4B-00C04F79EFBC}") = "Munq.MVC.DI", "Munq.MVC.DI\Munq.MVC.DI.csproj", "{E6371237-5A32-43EA-AED4-DA1F1E59B6F6}"
EndProject
Project("{2150E333-8FDC-42A3-9474-1A3956D46DE8}") = "Samples", "Samples", "{9BFF594F-92FB-48CC-8FCF-FC2E84C832C8}"
EndProject
Project("{FAE04EC0-301F-11D3-BF4B-00C04F79EFBC}") = "Munq.Sample.DI", "Munq.Sample.DI\Munq.Sample.DI.csproj", "{0A6A96F0-C516-4EC6-BCEC-E016F2851D96}"
EndProject
Global
	GlobalSection(TeamFoundationVersionControl) = preSolution
		SccNumberOfProjects = 6
		SccEnterpriseProvider = {4CA58AB2-18FA-4F8D-95D4-32DDF27D184C}
		SccTeamFoundationServer = https://tfs10.codeplex.com/
		SccLocalPath0 = .
		SccProjectUniqueName1 = Munq.DI.Tests\\Munq.DI.Tests.csproj
		SccProjectName1 = Munq.DI.Tests
		SccLocalPath1 = Munq.DI.Tests
		SccProjectUniqueName2 = Munq.DI\\Munq.DI.csproj
		SccProjectName2 = Munq.DI
		SccLocalPath2 = Munq.DI
		SccProjectUniqueName3 = MvcFakes\\MvcFakes.csproj
		SccProjectName3 = MvcFakes
		SccLocalPath3 = MvcFakes
		SccProjectUniqueName4 = Munq.MVC.DI\\Munq.MVC.DI.csproj
		SccProjectName4 = Munq.MVC.DI
		SccLocalPath4 = Munq.MVC.DI
		SccProjectUniqueName5 = Munq.Sample.DI\\Munq.Sample.DI.csproj
		SccProjectTopLevelParentUniqueName5 = Munq.sln
		SccProjectName5 = Munq.Sample.DI
		SccLocalPath5 = Munq.Sample.DI
	EndGlobalSection
	GlobalSection(TestCaseManagementSettings) = postSolution
		CategoryFile = Munq.vsmdi
	EndGlobalSection
	GlobalSection(SolutionConfigurationPlatforms) = preSolution
		Debug|Any CPU = Debug|Any CPU
		Release|Any CPU = Release|Any CPU
	EndGlobalSection
	GlobalSection(ProjectConfigurationPlatforms) = postSolution
		{1237629E-7E4B-4074-AD34-F255F9F6D185}.Debug|Any CPU.ActiveCfg = Debug|Any CPU
		{1237629E-7E4B-4074-AD34-F255F9F6D185}.Debug|Any CPU.Build.0 = Debug|Any CPU
		{1237629E-7E4B-4074-AD34-F255F9F6D185}.Release|Any CPU.ActiveCfg = Release|Any CPU
		{1237629E-7E4B-4074-AD34-F255F9F6D185}.Release|Any CPU.Build.0 = Release|Any CPU
		{73064596-97CA-4F52-885E-996C9E7DAAFC}.Debug|Any CPU.ActiveCfg = Debug|Any CPU
		{73064596-97CA-4F52-885E-996C9E7DAAFC}.Debug|Any CPU.Build.0 = Debug|Any CPU
		{73064596-97CA-4F52-885E-996C9E7DAAFC}.Release|Any CPU.ActiveCfg = Release|Any CPU
		{73064596-97CA-4F52-885E-996C9E7DAAFC}.Release|Any CPU.Build.0 = Release|Any CPU
		{558790E7-0F46-489F-B717-52AE3746D39B}.Debug|Any CPU.ActiveCfg = Debug|Any CPU
		{558790E7-0F46-489F-B717-52AE3746D39B}.Debug|Any CPU.Build.0 = Debug|Any CPU
		{558790E7-0F46-489F-B717-52AE3746D39B}.Release|Any CPU.ActiveCfg = Release|Any CPU
		{558790E7-0F46-489F-B717-52AE3746D39B}.Release|Any CPU.Build.0 = Release|Any CPU
		{E6371237-5A32-43EA-AED4-DA1F1E59B6F6}.Debug|Any CPU.ActiveCfg = Debug|Any CPU
		{E6371237-5A32-43EA-AED4-DA1F1E59B6F6}.Debug|Any CPU.Build.0 = Debug|Any CPU
		{E6371237-5A32-43EA-AED4-DA1F1E59B6F6}.Release|Any CPU.ActiveCfg = Release|Any CPU
		{E6371237-5A32-43EA-AED4-DA1F1E59B6F6}.Release|Any CPU.Build.0 = Release|Any CPU
		{0A6A96F0-C516-4EC6-BCEC-E016F2851D96}.Debug|Any CPU.ActiveCfg = Debug|Any CPU
		{0A6A96F0-C516-4EC6-BCEC-E016F2851D96}.Debug|Any CPU.Build.0 = Debug|Any CPU
		{0A6A96F0-C516-4EC6-BCEC-E016F2851D96}.Release|Any CPU.ActiveCfg = Release|Any CPU
		{0A6A96F0-C516-4EC6-BCEC-E016F2851D96}.Release|Any CPU.Build.0 = Release|Any CPU
	EndGlobalSection
	GlobalSection(SolutionProperties) = preSolution
		HideSolutionNode = FALSE
	EndGlobalSection
	GlobalSection(NestedProjects) = preSolution
		{0A6A96F0-C516-4EC6-BCEC-E016F2851D96} = {9BFF594F-92FB-48CC-8FCF-FC2E84C832C8}
	EndGlobalSection
EndGlobal
